
Microsoft Visual Studio Solution File, Format Version 12.00
# Visual Studio Version 17
VisualStudioVersion = 17.10.35122.118
MinimumVisualStudioVersion = 10.0.40219.1
Project("{FAE04EC0-301F-11D3-BF4B-00C04F79EFBC}") = "BotBot", "BotBot.csproj", "{61057F47-84E4-4763-96F2-428CC3E0523A}"
EndProject
Global
	GlobalSection(SolutionConfigurationPlatforms) = preSolution
		Debug|Any CPU = Debug|Any CPU
		Release|Any CPU = Release|Any CPU
	EndGlobalSection
	GlobalSection(ProjectConfigurationPlatforms) = postSolution
		{61057F47-84E4-4763-96F2-428CC3E0523A}.Debug|Any CPU.ActiveCfg = Debug|Any CPU
		{61057F47-84E4-4763-96F2-428CC3E0523A}.Debug|Any CPU.Build.0 = Debug|Any CPU
		{61057F47-84E4-4763-96F2-428CC3E0523A}.Release|Any CPU.ActiveCfg = Release|Any CPU
		{61057F47-84E4-4763-96F2-428CC3E0523A}.Release|Any CPU.Build.0 = Release|Any CPU
	EndGlobalSection
	GlobalSection(SolutionProperties) = preSolution
		HideSolutionNode = FALSE
	EndGlobalSection
	GlobalSection(ExtensibilityGlobals) = postSolution
		SolutionGuid = {F129157E-1453-4365-AA1B-3F74A87EB662}
	EndGlobalSection
EndGlobal
